// !$*UTF8*$!
{
	archiveVersion = 1;
	classes = {
	};
	objectVersion = 46;
	objects = {

/* Begin PBXBuildFile section */
		F2A2978117B9DA720075E738 /* Foundation.framework in Frameworks */ = {isa = PBXBuildFile; fileRef = F2A2978017B9DA720075E738 /* Foundation.framework */; };
		F2A2978417B9DA720075E738 /* main.m in Sources */ = {isa = PBXBuildFile; fileRef = F2A2978317B9DA720075E738 /* main.m */; };
		F2A2978817B9DA720075E738 /* _6_2.1 in CopyFiles */ = {isa = PBXBuildFile; fileRef = F2A2978717B9DA720075E738 /* _6_2.1 */; };
/* End PBXBuildFile section */

/* Begin PBXCopyFilesBuildPhase section */
		F2A2977B17B9DA720075E738 /* CopyFiles */ = {
			isa = PBXCopyFilesBuildPhase;
			buildActionMask = 2147483647;
			dstPath = /usr/share/man/man1/;
			dstSubfolderSpec = 0;
			files = (
				F2A2978817B9DA720075E738 /* _6_2.1 in CopyFiles */,
			);
			runOnlyForDeploymentPostprocessing = 1;
		};
/* End PBXCopyFilesBuildPhase section */

/* Begin PBXFileReference section */
		F2A2977D17B9DA720075E738 /* 16.2 */ = {isa = PBXFileReference; explicitFileType = "compiled.mach-o.executable"; includeInIndex = 0; path = 16.2; sourceTree = BUILT_PRODUCTS_DIR; };
		F2A2978017B9DA720075E738 /* Foundation.framework */ = {isa = PBXFileReference; lastKnownFileType = wrapper.framework; name = Foundation.framework; path = System/Library/Frameworks/Foundation.framework; sourceTree = SDKROOT; };
		F2A2978317B9DA720075E738 /* main.m */ = {isa = PBXFileReference; lastKnownFileType = sourcecode.c.objc; path = main.m; sourceTree = "<group>"; };
		F2A2978617B9DA720075E738 /* 16.2-Prefix.pch */ = {isa = PBXFileReference; lastKnownFileType = sourcecode.c.h; path = "16.2-Prefix.pch"; sourceTree = "<group>"; };
		F2A2978717B9DA720075E738 /* _6_2.1 */ = {isa = PBXFileReference; lastKnownFileType = text.man; path = _6_2.1; sourceTree = "<group>"; };
		F2A2978E17B9DAC90075E738 /* newfile2 */ = {isa = PBXFileReference; fileEncoding = 4; lastKnownFileType = text; path = newfile2; sourceTree = "<group>"; };
/* End PBXFileReference section */

/* Begin PBXFrameworksBuildPhase section */
		F2A2977A17B9DA720075E738 /* Frameworks */ = {
			isa = PBXFrameworksBuildPhase;
			buildActionMask = 2147483647;
			files = (
				F2A2978117B9DA720075E738 /* Foundation.framework in Frameworks */,
			);
			runOnlyForDeploymentPostprocessing = 0;
		};
/* End PBXFrameworksBuildPhase section */

/* Begin PBXGroup section */
		F2A2977417B9DA720075E738 = {
			isa = PBXGroup;
			children = (
				F2A2978217B9DA720075E738 /* 16.2 */,
				F2A2977F17B9DA720075E738 /* Frameworks */,
				F2A2977E17B9DA720075E738 /* Products */,
			);
			sourceTree = "<group>";
		};
		F2A2977E17B9DA720075E738 /* Products */ = {
			isa = PBXGroup;
			children = (
				F2A2977D17B9DA720075E738 /* 16.2 */,
			);
			name = Products;
			sourceTree = "<group>";
		};
		F2A2977F17B9DA720075E738 /* Frameworks */ = {
			isa = PBXGroup;
			children = (
				F2A2978017B9DA720075E738 /* Foundation.framework */,
			);
			name = Frameworks;
			sourceTree = "<group>";
		};
		F2A2978217B9DA720075E738 /* 16.2 */ = {
			isa = PBXGroup;
			children = (
				F2A2978317B9DA720075E738 /* main.m */,
				F2A2978717B9DA720075E738 /* _6_2.1 */,
				F2A2978517B9DA720075E738 /* Supporting Files */,
				F2A2978E17B9DAC90075E738 /* newfile2 */,
			);
			path = 16.2;
			sourceTree = "<group>";
		};
		F2A2978517B9DA720075E738 /* Supporting Files */ = {
			isa = PBXGroup;
			children = (
				F2A2978617B9DA720075E738 /* 16.2-Prefix.pch */,
			);
			name = "Supporting Files";
			sourceTree = "<group>";
		};
/* End PBXGroup section */

/* Begin PBXNativeTarget section */
		F2A2977C17B9DA720075E738 /* 16.2 */ = {
			isa = PBXNativeTarget;
			buildConfigurationList = F2A2978B17B9DA720075E738 /* Build configuration list for PBXNativeTarget "16.2" */;
			buildPhases = (
				F2A2977917B9DA720075E738 /* Sources */,
				F2A2977A17B9DA720075E738 /* Frameworks */,
				F2A2977B17B9DA720075E738 /* CopyFiles */,
			);
			buildRules = (
			);
			dependencies = (
			);
			name = 16.2;
			productName = 16.2;
			productReference = F2A2977D17B9DA720075E738 /* 16.2 */;
			productType = "com.apple.product-type.tool";
		};
/* End PBXNativeTarget section */

/* Begin PBXProject section */
		F2A2977517B9DA720075E738 /* Project object */ = {
			isa = PBXProject;
			attributes = {
				LastUpgradeCheck = 0460;
				ORGANIZATIONNAME = wpgholdings;
			};
			buildConfigurationList = F2A2977817B9DA720075E738 /* Build configuration list for PBXProject "16.2" */;
			compatibilityVersion = "Xcode 3.2";
			developmentRegion = English;
			hasScannedForEncodings = 0;
			knownRegions = (
				en,
			);
			mainGroup = F2A2977417B9DA720075E738;
			productRefGroup = F2A2977E17B9DA720075E738 /* Products */;
			projectDirPath = "";
			projectRoot = "";
			targets = (
				F2A2977C17B9DA720075E738 /* 16.2 */,
			);
		};
/* End PBXProject section */

/* Begin PBXSourcesBuildPhase section */
		F2A2977917B9DA720075E738 /* Sources */ = {
			isa = PBXSourcesBuildPhase;
			buildActionMask = 2147483647;
			files = (
				F2A2978417B9DA720075E738 /* main.m in Sources */,
			);
			runOnlyForDeploymentPostprocessing = 0;
		};
/* End PBXSourcesBuildPhase section */

/* Begin XCBuildConfiguration section */
		F2A2978917B9DA720075E738 /* Debug */ = {
			isa = XCBuildConfiguration;
			buildSettings = {
				ALWAYS_SEARCH_USER_PATHS = NO;
				ARCHS = "$(ARCHS_STANDARD_64_BIT)";
				CLANG_CXX_LANGUAGE_STANDARD = "gnu++0x";
				CLANG_CXX_LIBRARY = "libc++";
				CLANG_ENABLE_OBJC_ARC = YES;
				CLANG_WARN_CONSTANT_CONVERSION = YES;
				CLANG_WARN_EMPTY_BODY = YES;
				CLANG_WARN_ENUM_CONVERSION = YES;
				CLANG_WARN_INT_CONVERSION = YES;
				CLANG_WARN__DUPLICATE_METHOD_MATCH = YES;
				COPY_PHASE_STRIP = NO;
				GCC_C_LANGUAGE_STANDARD = gnu99;
				GCC_DYNAMIC_NO_PIC = NO;
				GCC_ENABLE_OBJC_EXCEPTIONS = YES;
				GCC_OPTIMIZATION_LEVEL = 0;
				GCC_PREPROCESSOR_DEFINITIONS = (
					"DEBUG=1",
					"$(inherited)",
				);
				GCC_SYMBOLS_PRIVATE_EXTERN = NO;
				GCC_WARN_64_TO_32_BIT_CONVERSION = YES;
				GCC_WARN_ABOUT_RETURN_TYPE = YES;
				GCC_WARN_UNINITIALIZED_AUTOS = YES;
				GCC_WARN_UNUSED_VARIABLE = YES;
				MACOSX_DEPLOYMENT_TARGET = 10.8;
				ONLY_ACTIVE_ARCH = YES;
				SDKROOT = macosx;
			};
			name = Debug;
		};
		F2A2978A17B9DA720075E738 /* Release */ = {
			isa = XCBuildConfiguration;
			buildSettings = {
				ALWAYS_SEARCH_USER_PATHS = NO;
				ARCHS = "$(ARCHS_STANDARD_64_BIT)";
				CLANG_CXX_LANGUAGE_STANDARD = "gnu++0x";
				CLANG_CXX_LIBRARY = "libc++";
				CLANG_ENABLE_OBJC_ARC = YES;
				CLANG_WARN_CONSTANT_CONVERSION = YES;
				CLANG_WARN_EMPTY_BODY = YES;
				CLANG_WARN_ENUM_CONVERSION = YES;
				CLANG_WARN_INT_CONVERSION = YES;
				CLANG_WARN__DUPLICATE_METHOD_MATCH = YES;
				COPY_PHASE_STRIP = YES;
				DEBUG_INFORMATION_FORMAT = "dwarf-with-dsym";
				GCC_C_LANGUAGE_STANDARD = gnu99;
				GCC_ENABLE_OBJC_EXCEPTIONS = YES;
				GCC_WARN_64_TO_32_BIT_CONVERSION = YES;
				GCC_WARN_ABOUT_RETURN_TYPE = YES;
				GCC_WARN_UNINITIALIZED_AUTOS = YES;
				GCC_WARN_UNUSED_VARIABLE = YES;
				MACOSX_DEPLOYMENT_TARGET = 10.8;
				SDKROOT = macosx;
			};
			name = Release;
		};
		F2A2978C17B9DA720075E738 /* Debug */ = {
			isa = XCBuildConfiguration;
			buildSettings = {
				GCC_PRECOMPILE_PREFIX_HEADER = YES;
				GCC_PREFIX_HEADER = "16.2/16.2-Prefix.pch";
				PRODUCT_NAME = "$(TARGET_NAME)";
			};
			name = Debug;
		};
		F2A2978D17B9DA720075E738 /* Release */ = {
			isa = XCBuildConfiguration;
			buildSettings = {
				GCC_PRECOMPILE_PREFIX_HEADER = YES;
				GCC_PREFIX_HEADER = "16.2/16.2-Prefix.pch";
				PRODUCT_NAME = "$(TARGET_NAME)";
			};
			name = Release;
		};
/* End XCBuildConfiguration section */

/* Begin XCConfigurationList section */
		F2A2977817B9DA720075E738 /* Build configuration list for PBXProject "16.2" */ = {
			isa = XCConfigurationList;
			buildConfigurations = (
				F2A2978917B9DA720075E738 /* Debug */,
				F2A2978A17B9DA720075E738 /* Release */,
			);
			defaultConfigurationIsVisible = 0;
			defaultConfigurationName = Release;
		};
		F2A2978B17B9DA720075E738 /* Build configuration list for PBXNativeTarget "16.2" */ = {
			isa = XCConfigurationList;
			buildConfigurations = (
				F2A2978C17B9DA720075E738 /* Debug */,
				F2A2978D17B9DA720075E738 /* Release */,
			);
			defaultConfigurationIsVisible = 0;
		};
/* End XCConfigurationList section */
	};
	rootObject = F2A2977517B9DA720075E738 /* Project object */;
}
